<?xml version="1.0" encoding="utf-8"?>
<Project ToolsVersion="4.0" xmlns="http://schemas.microsoft.com/developer/msbuild/2003">
  <ItemGroup>
    <Filter Include="Source Files">
      <UniqueIdentifier>{4FC737F1-C7A5-4376-A066-2A32D752A2FF}</UniqueIdentifier>
      <Extensions>cpp;c;cc;cxx;def;odl;idl;hpj;bat;asm;asmx</Extensions>
    </Filter>
    <Filter Include="Header Files">
      <UniqueIdentifier>{93995380-89BD-4b04-88EB-625FBE52EBFB}</UniqueIdentifier>
      <Extensions>h;hh;hpp;hxx;hm;inl;inc;xsd</Extensions>
    </Filter>
    <Filter Include="Resource Files">
      <UniqueIdentifier>{67DA6AB6-F800-4c08-8B7A-83BB121AAD01}</UniqueIdentifier>
      <Extensions>rc;ico;cur;bmp;dlg;rc2;rct;bin;rgs;gif;jpg;jpeg;jpe;resx;tiff;tif;png;wav;mfcribbon-ms</Extensions>
    </Filter>
  </ItemGroup>
  <ItemGroup>
    <ClCompile Include="Source.cpp">
      <Filter>Source Files</Filter>
    </ClCompile>
    <ClCompile Include="GameCore.cpp">
      <Filter>Source Files</Filter>
    </ClCompile>
    <ClCompile Include="World.cpp">
      <Filter>Source Files</Filter>
    </ClCompile>
    <ClCompile Include="Farmer.cpp">
      <Filter>Source Files</Filter>
    </ClCompile>
    <ClCompile Include="PotatoMan.cpp">
      <Filter>Source Files</Filter>
    </ClCompile>
    <ClCompile Include="Platform.cpp">
      <Filter>Source Files</Filter>
    </ClCompile>
    <ClCompile Include="ContactListener.cpp">
      <Filter>Source Files</Filter>
    </ClCompile>
    <ClCompile Include="DebugDrawer.cpp">
      <Filter>Source Files</Filter>
    </ClCompile>
    <ClCompile Include="PhysicsBody.cpp">
      <Filter>Source Files</Filter>
    </ClCompile>
    <ClCompile Include="PhysicsRectangle.cpp">
      <Filter>Source Files</Filter>
    </ClCompile>
    <ClCompile Include="PhysicsJoint.cpp">
      <Filter>Source Files</Filter>
    </ClCompile>
    <ClCompile Include="Mover.cpp">
      <Filter>Source Files</Filter>
    </ClCompile>
    <ClCompile Include="RayCaster.cpp">
      <Filter>Source Files</Filter>
    </ClCompile>
    <ClCompile Include="Bullet.cpp">
      <Filter>Source Files</Filter>
    </ClCompile>
    <ClCompile Include="Gun.cpp">
      <Filter>Source Files</Filter>
    </ClCompile>
    <ClCompile Include="BackgroundManager.cpp">
      <Filter>Source Files</Filter>
    </ClCompile>
    <ClCompile Include="AniPart.cpp">
      <Filter>Source Files</Filter>
    </ClCompile>
    <ClCompile Include="AniJoint.cpp">
      <Filter>Source Files</Filter>
    </ClCompile>
    <ClCompile Include="HUD.cpp">
      <Filter>Source Files</Filter>
    </ClCompile>
    <ClCompile Include="Item.cpp">
      <Filter>Source Files</Filter>
    </ClCompile>
    <ClCompile Include="MedKit.cpp">
      <Filter>Source Files</Filter>
    </ClCompile>
    <ClCompile Include="DigSite.cpp">
      <Filter>Source Files</Filter>
    </ClCompile>
    <ClCompile Include="MedShot.cpp">
      <Filter>Source Files</Filter>
    </ClCompile>
    <ClCompile Include="PlatLight.cpp">
      <Filter>Source Files</Filter>
    </ClCompile>
    <ClCompile Include="Elevator.cpp">
      <Filter>Source Files</Filter>
    </ClCompile>
  </ItemGroup>
  <ItemGroup>
    <ClInclude Include="GameCore.h">
      <Filter>Header Files</Filter>
    </ClInclude>
    <ClInclude Include="World.h">
      <Filter>Header Files</Filter>
    </ClInclude>
    <ClInclude Include="Farmer.h">
      <Filter>Header Files</Filter>
    </ClInclude>
    <ClInclude Include="PotatoMan.h">
      <Filter>Header Files</Filter>
    </ClInclude>
    <ClInclude Include="Platform.h">
      <Filter>Header Files</Filter>
    </ClInclude>
    <ClInclude Include="ContactListener.h">
      <Filter>Header Files</Filter>
    </ClInclude>
    <ClInclude Include="DebugDrawer.h">
      <Filter>Header Files</Filter>
    </ClInclude>
    <ClInclude Include="PhysicsBody.h">
      <Filter>Header Files</Filter>
    </ClInclude>
    <ClInclude Include="PhysicsRectangle.h">
      <Filter>Header Files</Filter>
    </ClInclude>
    <ClInclude Include="PhysicsJoint.h">
      <Filter>Header Files</Filter>
    </ClInclude>
    <ClInclude Include="Mover.h">
      <Filter>Header Files</Filter>
    </ClInclude>
    <ClInclude Include="RayCaster.h">
      <Filter>Header Files</Filter>
    </ClInclude>
    <ClInclude Include="Bullet.h">
      <Filter>Header Files</Filter>
    </ClInclude>
    <ClInclude Include="Gun.h">
      <Filter>Header Files</Filter>
    </ClInclude>
    <ClInclude Include="BackgroundManager.h">
      <Filter>Header Files</Filter>
    </ClInclude>
    <ClInclude Include="AniPart.h">
      <Filter>Header Files</Filter>
    </ClInclude>
    <ClInclude Include="AniJoint.h">
      <Filter>Header Files</Filter>
    </ClInclude>
    <ClInclude Include="HUD.h">
      <Filter>Header Files</Filter>
    </ClInclude>
    <ClInclude Include="Item.h">
      <Filter>Header Files</Filter>
    </ClInclude>
    <ClInclude Include="MedKit.h">
      <Filter>Header Files</Filter>
    </ClInclude>
    <ClInclude Include="DigSite.h">
      <Filter>Header Files</Filter>
    </ClInclude>
    <ClInclude Include="MedShot.h">
      <Filter>Header Files</Filter>
    </ClInclude>
    <ClInclude Include="PlatLight.h">
      <Filter>Header Files</Filter>
    </ClInclude>
    <ClInclude Include="Elevator.h">
      <Filter>Header Files</Filter>
    </ClInclude>
  </ItemGroup>
  <ItemGroup>
    <None Include="packages.config" />
  </ItemGroup>
</Project>